
Microsoft Visual Studio Solution File, Format Version 12.00
# Visual Studio Version 17
VisualStudioVersion = 17.11.35327.3
MinimumVisualStudioVersion = 10.0.40219.1
Project("{2150E333-8FDC-42A3-9474-1A3956D46DE8}") = "CartService", "CartService", "{42ED2816-8E6A-424D-AC79-03706B81F92C}"
EndProject
Project("{9A19103F-16F7-4668-BE54-9A1E7A4F7556}") = "CartService.Domain", "CartService.Domain\CartService.Domain.csproj", "{55142205-C351-4BE3-8C67-3CAFDE6F3FA9}"
EndProject
Project("{2150E333-8FDC-42A3-9474-1A3956D46DE8}") = "CartService.Tests", "CartService.Tests", "{E0672289-A320-4C83-A1ED-1DFA07103178}"
EndProject
Project("{9A19103F-16F7-4668-BE54-9A1E7A4F7556}") = "CartService.Domain.Tests", "CartService.Domain.Tests\CartService.Domain.Tests.csproj", "{B3DC3F2D-E70F-42F4-9576-558D69822B30}"
EndProject
Project("{9A19103F-16F7-4668-BE54-9A1E7A4F7556}") = "CartService.Infrastructure", "CartService.Infrastructure\CartService.Infrastructure.csproj", "{AB497B7D-8ED5-402B-AE94-1CB4A721CA09}"
EndProject
Project("{2150E333-8FDC-42A3-9474-1A3956D46DE8}") = "Common", "Common", "{90F83E60-BAAF-47B3-AE3E-8829B945D607}"
EndProject
Project("{9A19103F-16F7-4668-BE54-9A1E7A4F7556}") = "Common.Domain", "Common.Domain\Common.Domain.csproj", "{377C378C-13EF-41B7-B1EE-EDCF781E4E15}"
EndProject
Project("{2150E333-8FDC-42A3-9474-1A3956D46DE8}") = "CatalogService", "CatalogService", "{A87A646F-D14B-4002-A4ED-015BF295ED0B}"
EndProject
Project("{9A19103F-16F7-4668-BE54-9A1E7A4F7556}") = "CatalogService.Domain", "ProductService.Domain\CatalogService.Domain.csproj", "{1B42F4AA-B96C-413F-8113-9D9666702C7D}"
EndProject
Project("{9A19103F-16F7-4668-BE54-9A1E7A4F7556}") = "CartService.IntegrationTests", "CartService.Application.IntegrationTests\CartService.IntegrationTests.csproj", "{AB7842BE-F3F9-477C-9ACF-DB0E1EBF36A6}"
EndProject
Project("{9A19103F-16F7-4668-BE54-9A1E7A4F7556}") = "CartService.API", "CartService.API\CartService.API.csproj", "{B73B28AD-8981-4101-8B68-8EEF29265ED7}"
EndProject
Project("{9A19103F-16F7-4668-BE54-9A1E7A4F7556}") = "CatalogService.Infrastructure", "CatalogService.Infrastructura\CatalogService.Infrastructure.csproj", "{5A07F6DC-6DFC-4138-8DE7-2EA711479E7B}"
EndProject
Project("{9A19103F-16F7-4668-BE54-9A1E7A4F7556}") = "CatalogService.API", "CatalogService.API\CatalogService.API.csproj", "{16AB1E0E-61A3-4445-8AD6-32520B10578B}"
EndProject
Project("{2150E333-8FDC-42A3-9474-1A3956D46DE8}") = "Tests", "Tests", "{2D1FB789-68AC-404C-9FD4-AA035898E222}"
EndProject
Project("{9A19103F-16F7-4668-BE54-9A1E7A4F7556}") = "CatalogService.UnitTests", "CatalogService.UnitTests\CatalogService.UnitTests.csproj", "{7016AA98-E731-4A0E-9B96-A8DACD6D4569}"
EndProject
Project("{9A19103F-16F7-4668-BE54-9A1E7A4F7556}") = "CatalogService.IntegrationTest", "CatalogService.IntegrationTest\CatalogService.IntegrationTest.csproj", "{D75CA413-FCC8-4B64-9B62-F17B1C7249C9}"
EndProject
Project("{9A19103F-16F7-4668-BE54-9A1E7A4F7556}") = "CartService.APITests", "CartService.APITests\CartService.APITests.csproj", "{17327806-5016-4A18-ADD2-432E50EFE714}"
EndProject
Project("{9A19103F-16F7-4668-BE54-9A1E7A4F7556}") = "CatalogService.APITests", "CatalogService.APITests\CatalogService.APITests.csproj", "{7207AFE2-34DE-49F2-B850-022CCE73E175}"
EndProject
Global
	GlobalSection(SolutionConfigurationPlatforms) = preSolution
		Debug|Any CPU = Debug|Any CPU
		Release|Any CPU = Release|Any CPU
	EndGlobalSection
	GlobalSection(ProjectConfigurationPlatforms) = postSolution
		{55142205-C351-4BE3-8C67-3CAFDE6F3FA9}.Debug|Any CPU.ActiveCfg = Debug|Any CPU
		{55142205-C351-4BE3-8C67-3CAFDE6F3FA9}.Debug|Any CPU.Build.0 = Debug|Any CPU
		{55142205-C351-4BE3-8C67-3CAFDE6F3FA9}.Release|Any CPU.ActiveCfg = Release|Any CPU
		{55142205-C351-4BE3-8C67-3CAFDE6F3FA9}.Release|Any CPU.Build.0 = Release|Any CPU
		{B3DC3F2D-E70F-42F4-9576-558D69822B30}.Debug|Any CPU.ActiveCfg = Debug|Any CPU
		{B3DC3F2D-E70F-42F4-9576-558D69822B30}.Debug|Any CPU.Build.0 = Debug|Any CPU
		{B3DC3F2D-E70F-42F4-9576-558D69822B30}.Release|Any CPU.ActiveCfg = Release|Any CPU
		{B3DC3F2D-E70F-42F4-9576-558D69822B30}.Release|Any CPU.Build.0 = Release|Any CPU
		{AB497B7D-8ED5-402B-AE94-1CB4A721CA09}.Debug|Any CPU.ActiveCfg = Debug|Any CPU
		{AB497B7D-8ED5-402B-AE94-1CB4A721CA09}.Debug|Any CPU.Build.0 = Debug|Any CPU
		{AB497B7D-8ED5-402B-AE94-1CB4A721CA09}.Release|Any CPU.ActiveCfg = Release|Any CPU
		{AB497B7D-8ED5-402B-AE94-1CB4A721CA09}.Release|Any CPU.Build.0 = Release|Any CPU
		{377C378C-13EF-41B7-B1EE-EDCF781E4E15}.Debug|Any CPU.ActiveCfg = Debug|Any CPU
		{377C378C-13EF-41B7-B1EE-EDCF781E4E15}.Debug|Any CPU.Build.0 = Debug|Any CPU
		{377C378C-13EF-41B7-B1EE-EDCF781E4E15}.Release|Any CPU.ActiveCfg = Release|Any CPU
		{377C378C-13EF-41B7-B1EE-EDCF781E4E15}.Release|Any CPU.Build.0 = Release|Any CPU
		{1B42F4AA-B96C-413F-8113-9D9666702C7D}.Debug|Any CPU.ActiveCfg = Debug|Any CPU
		{1B42F4AA-B96C-413F-8113-9D9666702C7D}.Debug|Any CPU.Build.0 = Debug|Any CPU
		{1B42F4AA-B96C-413F-8113-9D9666702C7D}.Release|Any CPU.ActiveCfg = Release|Any CPU
		{1B42F4AA-B96C-413F-8113-9D9666702C7D}.Release|Any CPU.Build.0 = Release|Any CPU
		{AB7842BE-F3F9-477C-9ACF-DB0E1EBF36A6}.Debug|Any CPU.ActiveCfg = Debug|Any CPU
		{AB7842BE-F3F9-477C-9ACF-DB0E1EBF36A6}.Debug|Any CPU.Build.0 = Debug|Any CPU
		{AB7842BE-F3F9-477C-9ACF-DB0E1EBF36A6}.Release|Any CPU.ActiveCfg = Release|Any CPU
		{AB7842BE-F3F9-477C-9ACF-DB0E1EBF36A6}.Release|Any CPU.Build.0 = Release|Any CPU
		{B73B28AD-8981-4101-8B68-8EEF29265ED7}.Debug|Any CPU.ActiveCfg = Debug|Any CPU
		{B73B28AD-8981-4101-8B68-8EEF29265ED7}.Debug|Any CPU.Build.0 = Debug|Any CPU
		{B73B28AD-8981-4101-8B68-8EEF29265ED7}.Release|Any CPU.ActiveCfg = Release|Any CPU
		{B73B28AD-8981-4101-8B68-8EEF29265ED7}.Release|Any CPU.Build.0 = Release|Any CPU
		{5A07F6DC-6DFC-4138-8DE7-2EA711479E7B}.Debug|Any CPU.ActiveCfg = Debug|Any CPU
		{5A07F6DC-6DFC-4138-8DE7-2EA711479E7B}.Debug|Any CPU.Build.0 = Debug|Any CPU
		{5A07F6DC-6DFC-4138-8DE7-2EA711479E7B}.Release|Any CPU.ActiveCfg = Release|Any CPU
		{5A07F6DC-6DFC-4138-8DE7-2EA711479E7B}.Release|Any CPU.Build.0 = Release|Any CPU
		{16AB1E0E-61A3-4445-8AD6-32520B10578B}.Debug|Any CPU.ActiveCfg = Debug|Any CPU
		{16AB1E0E-61A3-4445-8AD6-32520B10578B}.Debug|Any CPU.Build.0 = Debug|Any CPU
		{16AB1E0E-61A3-4445-8AD6-32520B10578B}.Release|Any CPU.ActiveCfg = Release|Any CPU
		{16AB1E0E-61A3-4445-8AD6-32520B10578B}.Release|Any CPU.Build.0 = Release|Any CPU
		{7016AA98-E731-4A0E-9B96-A8DACD6D4569}.Debug|Any CPU.ActiveCfg = Debug|Any CPU
		{7016AA98-E731-4A0E-9B96-A8DACD6D4569}.Debug|Any CPU.Build.0 = Debug|Any CPU
		{7016AA98-E731-4A0E-9B96-A8DACD6D4569}.Release|Any CPU.ActiveCfg = Release|Any CPU
		{7016AA98-E731-4A0E-9B96-A8DACD6D4569}.Release|Any CPU.Build.0 = Release|Any CPU
		{D75CA413-FCC8-4B64-9B62-F17B1C7249C9}.Debug|Any CPU.ActiveCfg = Debug|Any CPU
		{D75CA413-FCC8-4B64-9B62-F17B1C7249C9}.Debug|Any CPU.Build.0 = Debug|Any CPU
		{D75CA413-FCC8-4B64-9B62-F17B1C7249C9}.Release|Any CPU.ActiveCfg = Release|Any CPU
		{D75CA413-FCC8-4B64-9B62-F17B1C7249C9}.Release|Any CPU.Build.0 = Release|Any CPU
		{17327806-5016-4A18-ADD2-432E50EFE714}.Debug|Any CPU.ActiveCfg = Debug|Any CPU
		{17327806-5016-4A18-ADD2-432E50EFE714}.Debug|Any CPU.Build.0 = Debug|Any CPU
		{17327806-5016-4A18-ADD2-432E50EFE714}.Release|Any CPU.ActiveCfg = Release|Any CPU
		{17327806-5016-4A18-ADD2-432E50EFE714}.Release|Any CPU.Build.0 = Release|Any CPU
		{7207AFE2-34DE-49F2-B850-022CCE73E175}.Debug|Any CPU.ActiveCfg = Debug|Any CPU
		{7207AFE2-34DE-49F2-B850-022CCE73E175}.Debug|Any CPU.Build.0 = Debug|Any CPU
		{7207AFE2-34DE-49F2-B850-022CCE73E175}.Release|Any CPU.ActiveCfg = Release|Any CPU
		{7207AFE2-34DE-49F2-B850-022CCE73E175}.Release|Any CPU.Build.0 = Release|Any CPU
	EndGlobalSection
	GlobalSection(SolutionProperties) = preSolution
		HideSolutionNode = FALSE
	EndGlobalSection
	GlobalSection(NestedProjects) = preSolution
		{55142205-C351-4BE3-8C67-3CAFDE6F3FA9} = {42ED2816-8E6A-424D-AC79-03706B81F92C}
		{E0672289-A320-4C83-A1ED-1DFA07103178} = {42ED2816-8E6A-424D-AC79-03706B81F92C}
		{B3DC3F2D-E70F-42F4-9576-558D69822B30} = {E0672289-A320-4C83-A1ED-1DFA07103178}
		{AB497B7D-8ED5-402B-AE94-1CB4A721CA09} = {42ED2816-8E6A-424D-AC79-03706B81F92C}
		{377C378C-13EF-41B7-B1EE-EDCF781E4E15} = {90F83E60-BAAF-47B3-AE3E-8829B945D607}
		{1B42F4AA-B96C-413F-8113-9D9666702C7D} = {A87A646F-D14B-4002-A4ED-015BF295ED0B}
		{AB7842BE-F3F9-477C-9ACF-DB0E1EBF36A6} = {E0672289-A320-4C83-A1ED-1DFA07103178}
		{B73B28AD-8981-4101-8B68-8EEF29265ED7} = {42ED2816-8E6A-424D-AC79-03706B81F92C}
		{5A07F6DC-6DFC-4138-8DE7-2EA711479E7B} = {A87A646F-D14B-4002-A4ED-015BF295ED0B}
		{16AB1E0E-61A3-4445-8AD6-32520B10578B} = {A87A646F-D14B-4002-A4ED-015BF295ED0B}
		{2D1FB789-68AC-404C-9FD4-AA035898E222} = {A87A646F-D14B-4002-A4ED-015BF295ED0B}
		{7016AA98-E731-4A0E-9B96-A8DACD6D4569} = {2D1FB789-68AC-404C-9FD4-AA035898E222}
		{D75CA413-FCC8-4B64-9B62-F17B1C7249C9} = {2D1FB789-68AC-404C-9FD4-AA035898E222}
		{17327806-5016-4A18-ADD2-432E50EFE714} = {E0672289-A320-4C83-A1ED-1DFA07103178}
		{7207AFE2-34DE-49F2-B850-022CCE73E175} = {2D1FB789-68AC-404C-9FD4-AA035898E222}
	EndGlobalSection
	GlobalSection(ExtensibilityGlobals) = postSolution
		SolutionGuid = {6C8DAF9F-FC5C-4200-81CE-73435AC4883B}
	EndGlobalSection
EndGlobal
